{
  "lockfileVersion": 1,
  "configVersion": 1,
  "workspaces": {
    "": {
      "dependencies": {
        "nanotar": "^0.3.0",
      },
    },
  },
  "packages": {
    "nanotar": ["nanotar@0.3.0", "", {}, "sha512-Kv2JYYiCzt16Kt5QwAc9BFG89xfPNBx+oQL4GQXD9nLqPkZBiNaqaCWtwnbk/q7UVsTYevvM1b0UF8zmEI4pCg=="],
  }
}
