{
  "lockfileVersion": 1,
  "configVersion": 1,
  "workspaces": {
    "": {
      "name": "crackedjudge",
      "dependencies": {
        "@orpc/client": "^1.13.6",
        "@orpc/server": "^1.13.6",
        "ioredis": "^5.10.0",
        "pino": "^10.3.1",
        "pino-pretty": "^13.1.3",
        "zod": "^4.3.6",
      },
      "devDependencies": {
        "@types/bun": "latest",
        "openapi-fetch": "^0.17.0",
      },
      "peerDependencies": {
        "typescript": "^5",
      },
    },
  },
  "packages": {
    "@ioredis/commands": ["@ioredis/commands@1.5.1", "", {}, "sha512-JH8ZL/ywcJyR9MmJ5BNqZllXNZQqQbnVZOqpPQqE1vHiFgAw4NHbvE0FOduNU8IX9babitBT46571OnPTT0Zcw=="],

    "@orpc/client": ["@orpc/client@1.13.6", "", { "dependencies": { "@orpc/shared": "1.13.6", "@orpc/standard-server": "1.13.6", "@orpc/standard-server-fetch": "1.13.6", "@orpc/standard-server-peer": "1.13.6" } }, "sha512-M6lYM6fJUFp9GR+It/qglYTeXwspb6sGj46xXWHqHS6iDVquqju0bdYuLOfHx8CGJcUSzi0aKUcqMXiGJhBG3w=="],

    "@orpc/contract": ["@orpc/contract@1.13.6", "", { "dependencies": { "@orpc/client": "1.13.6", "@orpc/shared": "1.13.6", "@standard-schema/spec": "^1.1.0", "openapi-types": "^12.1.3" } }, "sha512-wjnpKMsCBbUE7MxdS+9by1BIDTJ4vnfUk9he4GmxKQ8fvK/MRNHUR5jkNhsBCoLnigBrsAedHrr9AIqNgqquyQ=="],

    "@orpc/interop": ["@orpc/interop@1.13.6", "", {}, "sha512-m28QpydaYIAkP9lRfwX8lRCxbdsqn734F/bSiS0yuakSCv+PP10SXBUkt4w+OkvZxdxRpj0pOJFJP8F5O0nAoA=="],

    "@orpc/server": ["@orpc/server@1.13.6", "", { "dependencies": { "@orpc/client": "1.13.6", "@orpc/contract": "1.13.6", "@orpc/interop": "1.13.6", "@orpc/shared": "1.13.6", "@orpc/standard-server": "1.13.6", "@orpc/standard-server-aws-lambda": "1.13.6", "@orpc/standard-server-fastify": "1.13.6", "@orpc/standard-server-fetch": "1.13.6", "@orpc/standard-server-node": "1.13.6", "@orpc/standard-server-peer": "1.13.6", "cookie": "^1.1.1" }, "peerDependencies": { "crossws": ">=0.3.4", "ws": ">=8.18.1" }, "optionalPeers": ["crossws", "ws"] }, "sha512-58NaUE8sppxxpKDyEYtkR65jOSK9ycwP9TMqkvdHEg33wR17FDHIDws9iNDAo17l4bYGWgPKZtMn6ruRpJjTKQ=="],

    "@orpc/shared": ["@orpc/shared@1.13.6", "", { "dependencies": { "radash": "^12.1.1", "type-fest": "^5.4.4" }, "peerDependencies": { "@opentelemetry/api": ">=1.9.0" }, "optionalPeers": ["@opentelemetry/api"] }, "sha512-XqpXPgmtkg2tviDXZC13Y4a3B0D5r1yuG4Q2qPG3gM1dargxob6/aSIeKE6rs1tNXOoI+IpJaGV53EWWB+x+iA=="],

    "@orpc/standard-server": ["@orpc/standard-server@1.13.6", "", { "dependencies": { "@orpc/shared": "1.13.6" } }, "sha512-GNYZXCWxYLVHsxBWR+bg5F12vDCsQghqxbqoFpMnA4goe58dugNWmuxM+aSDbI0D81YxkKDULSqft5S+GWi5ww=="],

    "@orpc/standard-server-aws-lambda": ["@orpc/standard-server-aws-lambda@1.13.6", "", { "dependencies": { "@orpc/shared": "1.13.6", "@orpc/standard-server": "1.13.6", "@orpc/standard-server-fetch": "1.13.6", "@orpc/standard-server-node": "1.13.6" } }, "sha512-62/53mepru9yDet1AUxUsQ5NdAGbBsobX8UDHSF0qFUsS6RcYcSV7lHNS8vNozGwxzQ8zyn8x+47RItZDd4Akg=="],

    "@orpc/standard-server-fastify": ["@orpc/standard-server-fastify@1.13.6", "", { "dependencies": { "@orpc/shared": "1.13.6", "@orpc/standard-server": "1.13.6", "@orpc/standard-server-node": "1.13.6" }, "peerDependencies": { "fastify": ">=5.6.1" }, "optionalPeers": ["fastify"] }, "sha512-1YnVbkriAJLI4SAP8NiDr1kQ3iaDwcYKPHaEk0fq0MKV64HfafL2ftnGwBKRKGp/TLeYTCvwtgwiRJ13Dw4sPw=="],

    "@orpc/standard-server-fetch": ["@orpc/standard-server-fetch@1.13.6", "", { "dependencies": { "@orpc/shared": "1.13.6", "@orpc/standard-server": "1.13.6" } }, "sha512-O0bK4crjEOU9H4LzJ2abMjku3dvEhs8tcLXP/W5NXyH+Wm7qjBjDr6psxZ3YuaWdVbfd/P7CHtvw2rQDHJCNfQ=="],

    "@orpc/standard-server-node": ["@orpc/standard-server-node@1.13.6", "", { "dependencies": { "@orpc/shared": "1.13.6", "@orpc/standard-server": "1.13.6", "@orpc/standard-server-fetch": "1.13.6" } }, "sha512-Q71ijpi7kLjn222uYKg7ZOr6yxcDoszAtVz7gHmSbNBdhB/7pF7NkJLxlL/MKbpM1YBSm4/lZyi7WDuhDLf1TA=="],

    "@orpc/standard-server-peer": ["@orpc/standard-server-peer@1.13.6", "", { "dependencies": { "@orpc/shared": "1.13.6", "@orpc/standard-server": "1.13.6" } }, "sha512-WTqjNS6A9sxR4HVxWUb9ZoBHeQiesHeANmVBFdM/QjAaPUZYKn6WACYU6Q2eGmsCUeTQFfMssk0BG2EsgRNEYw=="],

    "@pinojs/redact": ["@pinojs/redact@0.4.0", "", {}, "sha512-k2ENnmBugE/rzQfEcdWHcCY+/FM3VLzH9cYEsbdsoqrvzAKRhUZeRNhAZvB8OitQJ1TBed3yqWtdjzS6wJKBwg=="],

    "@standard-schema/spec": ["@standard-schema/spec@1.1.0", "", {}, "sha512-l2aFy5jALhniG5HgqrD6jXLi/rUWrKvqN/qJx6yoJsgKhblVd+iqqU4RCXavm/jPityDo5TCvKMnpjKnOriy0w=="],

    "@types/bun": ["@types/bun@1.3.10", "", { "dependencies": { "bun-types": "1.3.10" } }, "sha512-0+rlrUrOrTSskibryHbvQkDOWRJwJZqZlxrUs1u4oOoTln8+WIXBPmAuCF35SWB2z4Zl3E84Nl/D0P7803nigQ=="],

    "@types/node": ["@types/node@25.4.0", "", { "dependencies": { "undici-types": "~7.18.0" } }, "sha512-9wLpoeWuBlcbBpOY3XmzSTG3oscB6xjBEEtn+pYXTfhyXhIxC5FsBer2KTopBlvKEiW9l13po9fq+SJY/5lkhw=="],

    "atomic-sleep": ["atomic-sleep@1.0.0", "", {}, "sha512-kNOjDqAh7px0XWNI+4QbzoiR/nTkHAWNud2uvnJquD1/x5a7EQZMJT0AczqK0Qn67oY/TTQ1LbUKajZpp3I9tQ=="],

    "bun-types": ["bun-types@1.3.10", "", { "dependencies": { "@types/node": "*" } }, "sha512-tcpfCCl6XWo6nCVnpcVrxQ+9AYN1iqMIzgrSKYMB/fjLtV2eyAVEg7AxQJuCq/26R6HpKWykQXuSOq/21RYcbg=="],

    "cluster-key-slot": ["cluster-key-slot@1.1.2", "", {}, "sha512-RMr0FhtfXemyinomL4hrWcYJxmX6deFdCxpJzhDttxgO1+bcCnkk+9drydLVDmAMG7NE6aN/fl4F7ucU/90gAA=="],

    "colorette": ["colorette@2.0.20", "", {}, "sha512-IfEDxwoWIjkeXL1eXcDiow4UbKjhLdq6/EuSVR9GMN7KVH3r9gQ83e73hsz1Nd1T3ijd5xv1wcWRYO+D6kCI2w=="],

    "cookie": ["cookie@1.1.1", "", {}, "sha512-ei8Aos7ja0weRpFzJnEA9UHJ/7XQmqglbRwnf2ATjcB9Wq874VKH9kfjjirM6UhU2/E5fFYadylyhFldcqSidQ=="],

    "dateformat": ["dateformat@4.6.3", "", {}, "sha512-2P0p0pFGzHS5EMnhdxQi7aJN+iMheud0UhG4dlE1DLAlvL8JHjJJTX/CSm4JXwV0Ka5nGk3zC5mcb5bUQUxxMA=="],

    "debug": ["debug@4.4.3", "", { "dependencies": { "ms": "^2.1.3" } }, "sha512-RGwwWnwQvkVfavKVt22FGLw+xYSdzARwm0ru6DhTVA3umU5hZc28V3kO4stgYryrTlLpuvgI9GiijltAjNbcqA=="],

    "denque": ["denque@2.1.0", "", {}, "sha512-HVQE3AAb/pxF8fQAoiqpvg9i3evqug3hoiwakOyZAwJm+6vZehbkYXZ0l4JxS+I3QxM97v5aaRNhj8v5oBhekw=="],

    "end-of-stream": ["end-of-stream@1.4.5", "", { "dependencies": { "once": "^1.4.0" } }, "sha512-ooEGc6HP26xXq/N+GCGOT0JKCLDGrq2bQUZrQ7gyrJiZANJ/8YDTxTpQBXGMn+WbIQXNVpyWymm7KYVICQnyOg=="],

    "fast-copy": ["fast-copy@4.0.2", "", {}, "sha512-ybA6PDXIXOXivLJK/z9e+Otk7ve13I4ckBvGO5I2RRmBU1gMHLVDJYEuJYhGwez7YNlYji2M2DvVU+a9mSFDlw=="],

    "fast-safe-stringify": ["fast-safe-stringify@2.1.1", "", {}, "sha512-W+KJc2dmILlPplD/H4K9l9LcAHAfPtP6BY84uVLXQ6Evcz9Lcg33Y2z1IVblT6xdY54PXYVHEv+0Wpq8Io6zkA=="],

    "help-me": ["help-me@5.0.0", "", {}, "sha512-7xgomUX6ADmcYzFik0HzAxh/73YlKR9bmFzf51CZwR+b6YtzU2m0u49hQCqV6SvlqIqsaxovfwdvbnsw3b/zpg=="],

    "ioredis": ["ioredis@5.10.0", "", { "dependencies": { "@ioredis/commands": "1.5.1", "cluster-key-slot": "^1.1.0", "debug": "^4.3.4", "denque": "^2.1.0", "lodash.defaults": "^4.2.0", "lodash.isarguments": "^3.1.0", "redis-errors": "^1.2.0", "redis-parser": "^3.0.0", "standard-as-callback": "^2.1.0" } }, "sha512-HVBe9OFuqs+Z6n64q09PQvP1/R4Bm+30PAyyD4wIEqssh3v9L21QjCVk4kRLucMBcDokJTcLjsGeVRlq/nH6DA=="],

    "joycon": ["joycon@3.1.1", "", {}, "sha512-34wB/Y7MW7bzjKRjUKTa46I2Z7eV62Rkhva+KkopW7Qvv/OSWBqvkSY7vusOPrNuZcUG3tApvdVgNB8POj3SPw=="],

    "lodash.defaults": ["lodash.defaults@4.2.0", "", {}, "sha512-qjxPLHd3r5DnsdGacqOMU6pb/avJzdh9tFX2ymgoZE27BmjXrNy/y4LoaiTeAb+O3gL8AfpJGtqfX/ae2leYYQ=="],

    "lodash.isarguments": ["lodash.isarguments@3.1.0", "", {}, "sha512-chi4NHZlZqZD18a0imDHnZPrDeBbTtVN7GXMwuGdRH9qotxAjYs3aVLKc7zNOG9eddR5Ksd8rvFEBc9SsggPpg=="],

    "minimist": ["minimist@1.2.8", "", {}, "sha512-2yyAR8qBkN3YuheJanUpWC5U3bb5osDywNB8RzDVlDwDHbocAJveqqj1u8+SVD7jkWT4yvsHCpWqqWqAxb0zCA=="],

    "ms": ["ms@2.1.3", "", {}, "sha512-6FlzubTLZG3J2a/NVCAleEhjzq5oxgHyaCU9yYXvcLsvoVaHJq/s5xXI6/XXP6tz7R9xAOtHnSO/tXtF3WRTlA=="],

    "on-exit-leak-free": ["on-exit-leak-free@2.1.2", "", {}, "sha512-0eJJY6hXLGf1udHwfNftBqH+g73EU4B504nZeKpz1sYRKafAghwxEJunB2O7rDZkL4PGfsMVnTXZ2EjibbqcsA=="],

    "once": ["once@1.4.0", "", { "dependencies": { "wrappy": "1" } }, "sha512-lNaJgI+2Q5URQBkccEKHTQOPaXdUxnZZElQTZY0MFUAuaEqe1E+Nyvgdz/aIyNi6Z9MzO5dv1H8n58/GELp3+w=="],

    "openapi-fetch": ["openapi-fetch@0.17.0", "", { "dependencies": { "openapi-typescript-helpers": "^0.1.0" } }, "sha512-PsbZR1wAPcG91eEthKhN+Zn92FMHxv+/faECIwjXdxfTODGSGegYv0sc1Olz+HYPvKOuoXfp+0pA2XVt2cI0Ig=="],

    "openapi-types": ["openapi-types@12.1.3", "", {}, "sha512-N4YtSYJqghVu4iek2ZUvcN/0aqH1kRDuNqzcycDxhOUpg7GdvLa2F3DgS6yBNhInhv2r/6I0Flkn7CqL8+nIcw=="],

    "openapi-typescript-helpers": ["openapi-typescript-helpers@0.1.0", "", {}, "sha512-OKTGPthhivLw/fHz6c3OPtg72vi86qaMlqbJuVJ23qOvQ+53uw1n7HdmkJFibloF7QEjDrDkzJiOJuockM/ljw=="],

    "pino": ["pino@10.3.1", "", { "dependencies": { "@pinojs/redact": "^0.4.0", "atomic-sleep": "^1.0.0", "on-exit-leak-free": "^2.1.0", "pino-abstract-transport": "^3.0.0", "pino-std-serializers": "^7.0.0", "process-warning": "^5.0.0", "quick-format-unescaped": "^4.0.3", "real-require": "^0.2.0", "safe-stable-stringify": "^2.3.1", "sonic-boom": "^4.0.1", "thread-stream": "^4.0.0" }, "bin": { "pino": "bin.js" } }, "sha512-r34yH/GlQpKZbU1BvFFqOjhISRo1MNx1tWYsYvmj6KIRHSPMT2+yHOEb1SG6NMvRoHRF0a07kCOox/9yakl1vg=="],

    "pino-abstract-transport": ["pino-abstract-transport@3.0.0", "", { "dependencies": { "split2": "^4.0.0" } }, "sha512-wlfUczU+n7Hy/Ha5j9a/gZNy7We5+cXp8YL+X+PG8S0KXxw7n/JXA3c46Y0zQznIJ83URJiwy7Lh56WLokNuxg=="],

    "pino-pretty": ["pino-pretty@13.1.3", "", { "dependencies": { "colorette": "^2.0.7", "dateformat": "^4.6.3", "fast-copy": "^4.0.0", "fast-safe-stringify": "^2.1.1", "help-me": "^5.0.0", "joycon": "^3.1.1", "minimist": "^1.2.6", "on-exit-leak-free": "^2.1.0", "pino-abstract-transport": "^3.0.0", "pump": "^3.0.0", "secure-json-parse": "^4.0.0", "sonic-boom": "^4.0.1", "strip-json-comments": "^5.0.2" }, "bin": { "pino-pretty": "bin.js" } }, "sha512-ttXRkkOz6WWC95KeY9+xxWL6AtImwbyMHrL1mSwqwW9u+vLp/WIElvHvCSDg0xO/Dzrggz1zv3rN5ovTRVowKg=="],

    "pino-std-serializers": ["pino-std-serializers@7.1.0", "", {}, "sha512-BndPH67/JxGExRgiX1dX0w1FvZck5Wa4aal9198SrRhZjH3GxKQUKIBnYJTdj2HDN3UQAS06HlfcSbQj2OHmaw=="],

    "process-warning": ["process-warning@5.0.0", "", {}, "sha512-a39t9ApHNx2L4+HBnQKqxxHNs1r7KF+Intd8Q/g1bUh6q0WIp9voPXJ/x0j+ZL45KF1pJd9+q2jLIRMfvEshkA=="],

    "pump": ["pump@3.0.4", "", { "dependencies": { "end-of-stream": "^1.1.0", "once": "^1.3.1" } }, "sha512-VS7sjc6KR7e1ukRFhQSY5LM2uBWAUPiOPa/A3mkKmiMwSmRFUITt0xuj+/lesgnCv+dPIEYlkzrcyXgquIHMcA=="],

    "quick-format-unescaped": ["quick-format-unescaped@4.0.4", "", {}, "sha512-tYC1Q1hgyRuHgloV/YXs2w15unPVh8qfu/qCTfhTYamaw7fyhumKa2yGpdSo87vY32rIclj+4fWYQXUMs9EHvg=="],

    "radash": ["radash@12.1.1", "", {}, "sha512-h36JMxKRqrAxVD8201FrCpyeNuUY9Y5zZwujr20fFO77tpUtGa6EZzfKw/3WaiBX95fq7+MpsuMLNdSnORAwSA=="],

    "real-require": ["real-require@0.2.0", "", {}, "sha512-57frrGM/OCTLqLOAh0mhVA9VBMHd+9U7Zb2THMGdBUoZVOtGbJzjxsYGDJ3A9AYYCP4hn6y1TVbaOfzWtm5GFg=="],

    "redis-errors": ["redis-errors@1.2.0", "", {}, "sha512-1qny3OExCf0UvUV/5wpYKf2YwPcOqXzkwKKSmKHiE6ZMQs5heeE/c8eXK+PNllPvmjgAbfnsbpkGZWy8cBpn9w=="],

    "redis-parser": ["redis-parser@3.0.0", "", { "dependencies": { "redis-errors": "^1.0.0" } }, "sha512-DJnGAeenTdpMEH6uAJRK/uiyEIH9WVsUmoLwzudwGJUwZPp80PDBWPHXSAGNPwNvIXAbe7MSUB1zQFugFml66A=="],

    "safe-stable-stringify": ["safe-stable-stringify@2.5.0", "", {}, "sha512-b3rppTKm9T+PsVCBEOUR46GWI7fdOs00VKZ1+9c1EWDaDMvjQc6tUwuFyIprgGgTcWoVHSKrU8H31ZHA2e0RHA=="],

    "secure-json-parse": ["secure-json-parse@4.1.0", "", {}, "sha512-l4KnYfEyqYJxDwlNVyRfO2E4NTHfMKAWdUuA8J0yve2Dz/E/PdBepY03RvyJpssIpRFwJoCD55wA+mEDs6ByWA=="],

    "sonic-boom": ["sonic-boom@4.2.1", "", { "dependencies": { "atomic-sleep": "^1.0.0" } }, "sha512-w6AxtubXa2wTXAUsZMMWERrsIRAdrK0Sc+FUytWvYAhBJLyuI4llrMIC1DtlNSdI99EI86KZum2MMq3EAZlF9Q=="],

    "split2": ["split2@4.2.0", "", {}, "sha512-UcjcJOWknrNkF6PLX83qcHM6KHgVKNkV62Y8a5uYDVv9ydGQVwAHMKqHdJje1VTWpljG0WYpCDhrCdAOYH4TWg=="],

    "standard-as-callback": ["standard-as-callback@2.1.0", "", {}, "sha512-qoRRSyROncaz1z0mvYqIE4lCd9p2R90i6GxW3uZv5ucSu8tU7B5HXUP1gG8pVZsYNVaXjk8ClXHPttLyxAL48A=="],

    "strip-json-comments": ["strip-json-comments@5.0.3", "", {}, "sha512-1tB5mhVo7U+ETBKNf92xT4hrQa3pm0MZ0PQvuDnWgAAGHDsfp4lPSpiS6psrSiet87wyGPh9ft6wmhOMQ0hDiw=="],

    "tagged-tag": ["tagged-tag@1.0.0", "", {}, "sha512-yEFYrVhod+hdNyx7g5Bnkkb0G6si8HJurOoOEgC8B/O0uXLHlaey/65KRv6cuWBNhBgHKAROVpc7QyYqE5gFng=="],

    "thread-stream": ["thread-stream@4.0.0", "", { "dependencies": { "real-require": "^0.2.0" } }, "sha512-4iMVL6HAINXWf1ZKZjIPcz5wYaOdPhtO8ATvZ+Xqp3BTdaqtAwQkNmKORqcIo5YkQqGXq5cwfswDwMqqQNrpJA=="],

    "type-fest": ["type-fest@5.4.4", "", { "dependencies": { "tagged-tag": "^1.0.0" } }, "sha512-JnTrzGu+zPV3aXIUhnyWJj4z/wigMsdYajGLIYakqyOW1nPllzXEJee0QQbHj+CTIQtXGlAjuK0UY+2xTyjVAw=="],

    "typescript": ["typescript@5.9.3", "", { "bin": { "tsc": "bin/tsc", "tsserver": "bin/tsserver" } }, "sha512-jl1vZzPDinLr9eUt3J/t7V6FgNEw9QjvBPdysz9KfQDD41fQrC2Y4vKQdiaUpFT4bXlb1RHhLpp8wtm6M5TgSw=="],

    "undici-types": ["undici-types@7.18.2", "", {}, "sha512-AsuCzffGHJybSaRrmr5eHr81mwJU3kjw6M+uprWvCXiNeN9SOGwQ3Jn8jb8m3Z6izVgknn1R0FTCEAP2QrLY/w=="],

    "wrappy": ["wrappy@1.0.2", "", {}, "sha512-l4Sp/DRseor9wL6EvV2+TuQn63dMkPjZ/sp9XkghTEbV9KlPS1xUsZ3u7/IQO4wxtcFB4bgpQPRcR3QCvezPcQ=="],

    "zod": ["zod@4.3.6", "", {}, "sha512-rftlrkhHZOcjDwkGlnUtZZkvaPHCsDATp4pGpuOOMDaTdDDXF91wuVDJoWoPsKX/3YPQ5fHuF3STjcYyKr+Qhg=="],
  }
}
